lockfileVersion: '6.1'

settings:
  autoInstallPeers: true
  excludeLinksFromLockfile: false

dependencies:
  axios:
    specifier: ^0.21.1
    version: 0.21.4
  blueimp-md5:
    specifier: ^2.19.0
    version: 2.19.0
  express-formidable:
    specifier: ^1.2.0
    version: 1.2.0
  http-build-query:
    specifier: ^0.7.0
    version: 0.7.0
  unfetch:
    specifier: ^5.0.0
    version: 5.0.0

devDependencies:
  '@trieb.work/tsconfig-base':
    specifier: ^1.6.5
    version: 1.6.5
  '@types/blueimp-md5':
    specifier: ^2.18.0
    version: 2.18.0
  '@types/node':
    specifier: ^20.4.5
    version: 20.4.5
  typescript:
    specifier: ^5.1.6
    version: 5.1.6

packages:

  /@trieb.work/tsconfig-base@1.6.5:
    resolution: {integrity: sha512-ZpR0rtUA7QJBLHnxb2LX+A6nNPHyr18e7u5Dc5Irnl4JjSLE5v9RNCePo+twtBD6UdQGvwhOCjIiQFvQ4fFztA==}
    dev: true

  /@types/blueimp-md5@2.18.0:
    resolution: {integrity: sha512-f4A+++lGZGJvVSgeyMkqA7BEf2BVQli6F+qEykKb49c5ieWQBkfpn6CP5c1IZr2Yi2Ofl6Fj+v0e1fN18Z8Cnw==}
    dev: true

  /@types/node@20.4.5:
    resolution: {integrity: sha512-rt40Nk13II9JwQBdeYqmbn2Q6IVTA5uPhvSO+JVqdXw/6/4glI6oR9ezty/A9Hg5u7JH4OmYmuQ+XvjKm0Datg==}
    dev: true

  /axios@0.21.4:
    resolution: {integrity: sha512-ut5vewkiu8jjGBdqpM44XxjuCjq9LAKeHVmoVfHVzy8eHgxxq8SbAVQNovDA8mVi05kP0Ea/n/UzcSHcTJQfNg==}
    dependencies:
      follow-redirects: 1.15.2
    transitivePeerDependencies:
      - debug
    dev: false

  /blueimp-md5@2.19.0:
    resolution: {integrity: sha512-DRQrD6gJyy8FbiE4s+bDoXS9hiW3Vbx5uCdwvcCf3zLHL+Iv7LtGHLpr+GZV8rHG8tK766FGYBwRbu8pELTt+w==}
    dev: false

  /express-formidable@1.2.0:
    resolution: {integrity: sha512-w1vXjF3gb50UKTNkFaW8/4rqY4dUrKfZ1sAZzwAF9YxCAgj/29QZsycf71di0GkskrZOAkubk9pvGYfxyAMYiw==}
    engines: {node: '>= 8'}
    dependencies:
      formidable: 1.2.6
    dev: false

  /follow-redirects@1.15.2:
    resolution: {integrity: sha512-VQLG33o04KaQ8uYi2tVNbdrWp1QWxNNea+nmIB4EVM28v0hmP17z7aG1+wAkNzVq4KeXTq3221ye5qTJP91JwA==}
    engines: {node: '>=4.0'}
    peerDependencies:
      debug: '*'
    peerDependenciesMeta:
      debug:
        optional: true
    dev: false

  /formidable@1.2.6:
    resolution: {integrity: sha512-KcpbcpuLNOwrEjnbpMC0gS+X8ciDoZE1kkqzat4a8vrprf+s9pKNQ/QIwWfbfs4ltgmFl3MD177SNTkve3BwGQ==}
    deprecated: 'Please upgrade to latest, formidable@v2 or formidable@v3! Check these notes: https://bit.ly/2ZEqIau'
    dev: false

  /http-build-query@0.7.0:
    resolution: {integrity: sha512-r5jnQ/PcKzFg2dLJAj9xU8cBHuLubxLli6NiFtziNrDqVwPcjIgioamZszzGOPJq6ekUu+WfIcgsuPqe9MX4Ag==}
    engines: {node: '>=0.10.48'}
    dev: false

  /typescript@5.1.6:
    resolution: {integrity: sha512-zaWCozRZ6DLEWAWFrVDz1H6FVXzUSfTy5FUMWsQlU8Ym5JP9eO4xkTIROFCQvhQf61z6O/G6ugw3SgAnvvm+HA==}
    engines: {node: '>=14.17'}
    hasBin: true
    dev: true

  /unfetch@5.0.0:
    resolution: {integrity: sha512-3xM2c89siXg0nHvlmYsQ2zkLASvVMBisZm5lF3gFDqfF2xonNStDJyMpvaOBe0a1Edxmqrf2E0HBdmy9QyZaeg==}
    dev: false
